# This file is automatically generated by uv.
# Manual changes will be overwritten.

[[package]]
name = "aiofiles"
version = "23.2.1"
source = { type = "registry", url = "https://pypi.org/simple" }
dependencies = ["typing-extensions"]

[[package]]
name = "aiosignal"
version = "1.3.1"
source = { type = "registry", url = "https://pypi.org/simple" }
dependencies = ["frozenlist", "async-timeout"]

[[package]]
name = "annotated-types"
version = "0.6.0"
source = { type = "registry", url = "https://pypi.org/simple" }

[[package]]
name = "anyio"
version = "4.2.0"
source = { type = "registry", url = "https://pypi.org/simple" }
dependencies = ["idna", "sniffio", "exceptiongroup"]

[[package]]
name = "async-timeout"
version = "4.0.3"
source = { type = "registry", url = "https://pypi.org/simple" }

[[package]]
name = "attrs"
version = "23.1.0"
source = { type = "registry", url = "https://pypi.org/simple" }

[[package]]
name = "certifi"
version = "2023.11.17"
source = { type = "registry", url = "https://pypi.org/simple" }

[[package]]
name = "charset-normalizer"
version = "3.3.2"
source = { type = "registry", url = "https://pypi.org/simple" }

[[package]]
name = "click"
version = "8.1.7"
source = { type = "registry", url = "https://pypi.org/simple" }

[[package]]
name = "colorama"
version = "0.4.6"
source = { type = "registry", url = "https://pypi.org/simple" }

[[package]]
name = "exceptiongroup"
version = "1.2.0"
source = { type = "registry", url = "https://pypi.org/simple" }

[[package]]
name = "fastapi"
version = "0.110.0"
source = { type = "registry", url = "https://pypi.org/simple" }
dependencies = ["pydantic", "starlette", "typing-extensions"]

[[package]]
name = "frozenlist"
version = "1.4.0"
source = { type = "registry", url = "https://pypi.org/simple" }

[[package]]
name = "h11"
version = "0.14.0"
source = { type = "registry", url = "https://pypi.org/simple" }

[[package]]
name = "httpcore"
version = "1.0.2"
source = { type = "registry", url = "https://pypi.org/simple" }
dependencies = ["certifi", "h11", "sniffio"]

[[package]]
name = "httpx"
version = "0.27.0"
source = { type = "registry", url = "https://pypi.org/simple" }
dependencies = ["certifi", "httpcore", "sniffio"]

[[package]]
name = "idna"
version = "3.6"
source = { type = "registry", url = "https://pypi.org/simple" }

[[package]]
name = "loguru"
version = "0.7.2"
source = { type = "registry", url = "https://pypi.org/simple" }

[[package]]
name = "multidict"
version = "6.0.4"
source = { type = "registry", url = "https://pypi.org/simple" }

[[package]]
name = "numpy"
version = "1.26.3"
source = { type = "registry", url = "https://pypi.org/simple" }

[[package]]
name = "opencv-python"
version = "4.9.0.80"
source = { type = "registry", url = "https://pypi.org/simple" }
dependencies = ["numpy"]

[[package]]
name = "pillow"
version = "10.2.0"
source = { type = "registry", url = "https://pypi.org/simple" }

[[package]]
name = "pydantic"
version = "2.6.4"
source = { type = "registry", url = "https://pypi.org/simple" }
dependencies = ["annotated-types", "typing-extensions", "pydantic-core"]

[[package]]
name = "pydantic-core"
version = "2.16.3"
source = { type = "registry", url = "https://pypi.org/simple" }

[[package]]
name = "paddleocr"
version = "2.8.2"
source = { type = "registry", url = "https://pypi.org/simple" }

[[package]]
name = "paddlepaddle"
version = "2.6.1"
source = { type = "registry", url = "https://pypi.org/simple" }

[[package]]
name = "python-dotenv"
version = "1.0.1"
source = { type = "registry", url = "https://pypi.org/simple" }

[[package]]
name = "python-docx"
version = "1.1.0"
source = { type = "registry", url = "https://pypi.org/simple" }

[[package]]
name = "python-multipart"
version = "0.0.9"
source = { type = "registry", url = "https://pypi.org/simple" }

[[package]]
name = "python-pptx"
version = "0.6.23"
source = { type = "registry", url = "https://pypi.org/simple" }

[[package]]
name = "PyPDF2"
version = "3.0.1"
source = { type = "registry", url = "https://pypi.org/simple" }

[[package]]
name = "regex"
version = "2023.12.25"
source = { type = "registry", url = "https://pypi.org/simple" }

[[package]]
name = "requests"
version = "2.31.0"
source = { type = "registry", url = "https://pypi.org/simple" }
dependencies = ["certifi", "charset-normalizer", "idna", "urllib3"]

[[package]]
name = "sniffio"
version = "1.3.0"
source = { type = "registry", url = "https://pypi.org/simple" }

[[package]]
name = "starlette"
version = "0.36.3"
source = { type = "registry", url = "https://pypi.org/simple" }
dependencies = ["anyio"]

[[package]]
name = "typing-extensions"
version = "4.9.0"
source = { type = "registry", url = "https://pypi.org/simple" }

[[package]]
name = "urllib3"
version = "2.1.0"
source = { type = "registry", url = "https://pypi.org/simple" }

[[package]]
name = "uvicorn"
version = "0.29.0"
source = { type = "registry", url = "https://pypi.org/simple" }
dependencies = ["click", "h11"]

[[package]]
name = "openpyxl"
version = "3.1.2"
source = { type = "registry", url = "https://pypi.org/simple" }

[[package]]
name = "unstructured"
version = "0.14.3"
source = { type = "registry", url = "https://pypi.org/simple" }

[[package]]
name = "jieba"
version = "0.42.1"
source = { type = "registry", url = "https://pypi.org/simple" }

[[package]]
name = "nltk"
version = "3.8.1"
source = { type = "registry", url = "https://pypi.org/simple" }

[metadata]
lock-version = "1"
python-version = "3.10"
content-hash = "abc123"
